
Microsoft Visual Studio Solution File, Format Version 12.00
# Visual Studio Version 17
VisualStudioVersion = 17.14.36408.4 d17.14
MinimumVisualStudioVersion = 10.0.40219.1
Project("{FAE04EC0-301F-11D3-BF4B-00C04F79EFBC}") = "SummitApi", "SummitApi.csproj", "{F8D274B7-4BD7-4B99-34FA-4A4BAB0F9904}"
EndProject
Global
	GlobalSection(SolutionConfigurationPlatforms) = preSolution
		Debug|Any CPU = Debug|Any CPU
		Release|Any CPU = Release|Any CPU
	EndGlobalSection
	GlobalSection(ProjectConfigurationPlatforms) = postSolution
		{F8D274B7-4BD7-4B99-34FA-4A4BAB0F9904}.Debug|Any CPU.ActiveCfg = Debug|Any CPU
		{F8D274B7-4BD7-4B99-34FA-4A4BAB0F9904}.Debug|Any CPU.Build.0 = Debug|Any CPU
		{F8D274B7-4BD7-4B99-34FA-4A4BAB0F9904}.Release|Any CPU.ActiveCfg = Release|Any CPU
		{F8D274B7-4BD7-4B99-34FA-4A4BAB0F9904}.Release|Any CPU.Build.0 = Release|Any CPU
	EndGlobalSection
	GlobalSection(SolutionProperties) = preSolution
		HideSolutionNode = FALSE
	EndGlobalSection
	GlobalSection(ExtensibilityGlobals) = postSolution
		SolutionGuid = {D5BB285F-E1FD-4AE5-8685-5CA1E877F33F}
	EndGlobalSection
EndGlobal
